// !$*UTF8*$!
{
	archiveVersion = 1;
	classes = {
	};
	objectVersion = 46;
	objects = {

/* Begin PBXBuildFile section */
		586FB20B9549747EBF39941D /* Pods_MoMam.framework in Frameworks */ = {isa = PBXBuildFile; fileRef = 2C308C9E17793A46A41930DC /* Pods_MoMam.framework */; };
		8E0B704D1DA1051900049650 /* house.png in Resources */ = {isa = PBXBuildFile; fileRef = 8E0B704B1DA1051900049650 /* house.png */; };
		8E0B704E1DA1051900049650 /* piggy_bank.png in Resources */ = {isa = PBXBuildFile; fileRef = 8E0B704C1DA1051900049650 /* piggy_bank.png */; };
		8E0B70511DA1055E00049650 /* house@2x.png in Resources */ = {isa = PBXBuildFile; fileRef = 8E0B704F1DA1055E00049650 /* house@2x.png */; };
		8E0B70521DA1055E00049650 /* piggy_bank@2x.png in Resources */ = {isa = PBXBuildFile; fileRef = 8E0B70501DA1055E00049650 /* piggy_bank@2x.png */; };
		8E0B70541DA111F700049650 /* woodImage.jpg in Resources */ = {isa = PBXBuildFile; fileRef = 8E0B70531DA111F700049650 /* woodImage.jpg */; };
		8E0B705C1DA2493E00049650 /* paper2.png in Resources */ = {isa = PBXBuildFile; fileRef = 8E0B705B1DA2493E00049650 /* paper2.png */; };
		8E3FB4851D86E8EE001E9FD2 /* MoMamMainViewController.m in Sources */ = {isa = PBXBuildFile; fileRef = 8E3FB4831D86E8EE001E9FD2 /* MoMamMainViewController.m */; };
		8E3FB4861D86E8EE001E9FD2 /* MoMamMainViewController.xib in Resources */ = {isa = PBXBuildFile; fileRef = 8E3FB4841D86E8EE001E9FD2 /* MoMamMainViewController.xib */; };
		8E3FB4891D86E988001E9FD2 /* MoMamDeTail.m in Sources */ = {isa = PBXBuildFile; fileRef = 8E3FB4881D86E988001E9FD2 /* MoMamDeTail.m */; };
		8E3FB48B1D86E9EE001E9FD2 /* MoMamDeTail.xib in Resources */ = {isa = PBXBuildFile; fileRef = 8E3FB48A1D86E9EE001E9FD2 /* MoMamDeTail.xib */; };
		8E4105181D93D8270000B20E /* MoMamAddButtonDetailViewController.m in Sources */ = {isa = PBXBuildFile; fileRef = 8E4105161D93D8270000B20E /* MoMamAddButtonDetailViewController.m */; };
		8E4105191D93D8270000B20E /* MoMamAddButtonDetailViewController.xib in Resources */ = {isa = PBXBuildFile; fileRef = 8E4105171D93D8270000B20E /* MoMamAddButtonDetailViewController.xib */; };
		8E41051D1D93ED4C0000B20E /* MoMamCalendarDetailViewController.m in Sources */ = {isa = PBXBuildFile; fileRef = 8E41051B1D93ED4C0000B20E /* MoMamCalendarDetailViewController.m */; };
		8E41051E1D93ED4C0000B20E /* MoMamCalendarDetailViewController.xib in Resources */ = {isa = PBXBuildFile; fileRef = 8E41051C1D93ED4C0000B20E /* MoMamCalendarDetailViewController.xib */; };
		8EB685261D9E9BC80016E7F9 /* MoMamMyWalletViewController.m in Sources */ = {isa = PBXBuildFile; fileRef = 8EB685241D9E9BC80016E7F9 /* MoMamMyWalletViewController.m */; };
		8EB685271D9E9BC80016E7F9 /* MoMamMyWalletViewController.xib in Resources */ = {isa = PBXBuildFile; fileRef = 8EB685251D9E9BC80016E7F9 /* MoMamMyWalletViewController.xib */; };
		8EBABABE1D8970DD004D402E /* MoMamCalendarView.m in Sources */ = {isa = PBXBuildFile; fileRef = 8EBABABD1D8970DD004D402E /* MoMamCalendarView.m */; };
		8EBABAC01D897188004D402E /* MoMamCalendarView.xib in Resources */ = {isa = PBXBuildFile; fileRef = 8EBABABF1D897188004D402E /* MoMamCalendarView.xib */; };
		8EEAF6151D83E3E500665458 /* main.m in Sources */ = {isa = PBXBuildFile; fileRef = 8EEAF6141D83E3E500665458 /* main.m */; };
		8EEAF6181D83E3E500665458 /* AppDelegate.m in Sources */ = {isa = PBXBuildFile; fileRef = 8EEAF6171D83E3E500665458 /* AppDelegate.m */; };
		8EEAF6201D83E3E500665458 /* Assets.xcassets in Resources */ = {isa = PBXBuildFile; fileRef = 8EEAF61F1D83E3E500665458 /* Assets.xcassets */; };
		8EEAF62B1D83E4F000665458 /* Launch Screen.storyboard in Resources */ = {isa = PBXBuildFile; fileRef = 8EEAF62A1D83E4F000665458 /* Launch Screen.storyboard */; };
		8EEAF62D1D83E58F00665458 /* Default@2x.png in Resources */ = {isa = PBXBuildFile; fileRef = 8EEAF62C1D83E58F00665458 /* Default@2x.png */; };
		8EECD1561DA259EA00DD2BB2 /* MoMamReceiptDetailViewController.m in Sources */ = {isa = PBXBuildFile; fileRef = 8EECD1541DA259EA00DD2BB2 /* MoMamReceiptDetailViewController.m */; };
		8EECD1571DA259EA00DD2BB2 /* MoMamReceiptDetailViewController.xib in Resources */ = {isa = PBXBuildFile; fileRef = 8EECD1551DA259EA00DD2BB2 /* MoMamReceiptDetailViewController.xib */; };
		8EECD15B1DA4EFF700DD2BB2 /* tree.png in Resources */ = {isa = PBXBuildFile; fileRef = 8EECD1591DA4EFF700DD2BB2 /* tree.png */; };
		8EECD15C1DA4EFF700DD2BB2 /* apple.png in Resources */ = {isa = PBXBuildFile; fileRef = 8EECD15A1DA4EFF700DD2BB2 /* apple.png */; };
/* End PBXBuildFile section */

/* Begin PBXFileReference section */
		07B08BD2F5DEC36E36CB4604 /* Pods-MoMam.debug.xcconfig */ = {isa = PBXFileReference; includeInIndex = 1; lastKnownFileType = text.xcconfig; name = "Pods-MoMam.debug.xcconfig"; path = "Pods/Target Support Files/Pods-MoMam/Pods-MoMam.debug.xcconfig"; sourceTree = "<group>"; };
		283EF74DF8616AB87C86FD1E /* Pods-MoMam.release.xcconfig */ = {isa = PBXFileReference; includeInIndex = 1; lastKnownFileType = text.xcconfig; name = "Pods-MoMam.release.xcconfig"; path = "Pods/Target Support Files/Pods-MoMam/Pods-MoMam.release.xcconfig"; sourceTree = "<group>"; };
		2C308C9E17793A46A41930DC /* Pods_MoMam.framework */ = {isa = PBXFileReference; explicitFileType = wrapper.framework; includeInIndex = 0; path = Pods_MoMam.framework; sourceTree = BUILT_PRODUCTS_DIR; };
		8E0B704B1DA1051900049650 /* house.png */ = {isa = PBXFileReference; lastKnownFileType = image.png; path = house.png; sourceTree = "<group>"; };
		8E0B704C1DA1051900049650 /* piggy_bank.png */ = {isa = PBXFileReference; lastKnownFileType = image.png; path = piggy_bank.png; sourceTree = "<group>"; };
		8E0B704F1DA1055E00049650 /* house@2x.png */ = {isa = PBXFileReference; lastKnownFileType = image.png; path = "house@2x.png"; sourceTree = "<group>"; };
		8E0B70501DA1055E00049650 /* piggy_bank@2x.png */ = {isa = PBXFileReference; lastKnownFileType = image.png; path = "piggy_bank@2x.png"; sourceTree = "<group>"; };
		8E0B70531DA111F700049650 /* woodImage.jpg */ = {isa = PBXFileReference; lastKnownFileType = image.jpeg; path = woodImage.jpg; sourceTree = "<group>"; };
		8E0B705B1DA2493E00049650 /* paper2.png */ = {isa = PBXFileReference; lastKnownFileType = image.png; path = paper2.png; sourceTree = "<group>"; };
		8E3FB4821D86E8EE001E9FD2 /* MoMamMainViewController.h */ = {isa = PBXFileReference; fileEncoding = 4; lastKnownFileType = sourcecode.c.h; path = MoMamMainViewController.h; sourceTree = SOURCE_ROOT; };
		8E3FB4831D86E8EE001E9FD2 /* MoMamMainViewController.m */ = {isa = PBXFileReference; fileEncoding = 4; lastKnownFileType = sourcecode.c.objc; path = MoMamMainViewController.m; sourceTree = SOURCE_ROOT; };
		8E3FB4841D86E8EE001E9FD2 /* MoMamMainViewController.xib */ = {isa = PBXFileReference; fileEncoding = 4; lastKnownFileType = file.xib; path = MoMamMainViewController.xib; sourceTree = SOURCE_ROOT; };
		8E3FB4871D86E988001E9FD2 /* MoMamDeTail.h */ = {isa = PBXFileReference; fileEncoding = 4; lastKnownFileType = sourcecode.c.h; path = MoMamDeTail.h; sourceTree = "<group>"; };
		8E3FB4881D86E988001E9FD2 /* MoMamDeTail.m */ = {isa = PBXFileReference; fileEncoding = 4; lastKnownFileType = sourcecode.c.objc; path = MoMamDeTail.m; sourceTree = "<group>"; };
		8E3FB48A1D86E9EE001E9FD2 /* MoMamDeTail.xib */ = {isa = PBXFileReference; fileEncoding = 4; lastKnownFileType = file.xib; path = MoMamDeTail.xib; sourceTree = "<group>"; };
		8E4105151D93D8270000B20E /* MoMamAddButtonDetailViewController.h */ = {isa = PBXFileReference; fileEncoding = 4; lastKnownFileType = sourcecode.c.h; path = MoMamAddButtonDetailViewController.h; sourceTree = "<group>"; };
		8E4105161D93D8270000B20E /* MoMamAddButtonDetailViewController.m */ = {isa = PBXFileReference; fileEncoding = 4; lastKnownFileType = sourcecode.c.objc; path = MoMamAddButtonDetailViewController.m; sourceTree = "<group>"; };
		8E4105171D93D8270000B20E /* MoMamAddButtonDetailViewController.xib */ = {isa = PBXFileReference; fileEncoding = 4; lastKnownFileType = file.xib; path = MoMamAddButtonDetailViewController.xib; sourceTree = "<group>"; };
		8E41051A1D93ED4C0000B20E /* MoMamCalendarDetailViewController.h */ = {isa = PBXFileReference; fileEncoding = 4; lastKnownFileType = sourcecode.c.h; path = MoMamCalendarDetailViewController.h; sourceTree = "<group>"; };
		8E41051B1D93ED4C0000B20E /* MoMamCalendarDetailViewController.m */ = {isa = PBXFileReference; fileEncoding = 4; lastKnownFileType = sourcecode.c.objc; path = MoMamCalendarDetailViewController.m; sourceTree = "<group>"; };
		8E41051C1D93ED4C0000B20E /* MoMamCalendarDetailViewController.xib */ = {isa = PBXFileReference; fileEncoding = 4; lastKnownFileType = file.xib; path = MoMamCalendarDetailViewController.xib; sourceTree = "<group>"; };
		8EB685231D9E9BC80016E7F9 /* MoMamMyWalletViewController.h */ = {isa = PBXFileReference; fileEncoding = 4; lastKnownFileType = sourcecode.c.h; path = MoMamMyWalletViewController.h; sourceTree = "<group>"; };
		8EB685241D9E9BC80016E7F9 /* MoMamMyWalletViewController.m */ = {isa = PBXFileReference; fileEncoding = 4; lastKnownFileType = sourcecode.c.objc; path = MoMamMyWalletViewController.m; sourceTree = "<group>"; };
		8EB685251D9E9BC80016E7F9 /* MoMamMyWalletViewController.xib */ = {isa = PBXFileReference; fileEncoding = 4; lastKnownFileType = file.xib; path = MoMamMyWalletViewController.xib; sourceTree = "<group>"; };
		8EBABABC1D8970DD004D402E /* MoMamCalendarView.h */ = {isa = PBXFileReference; fileEncoding = 4; lastKnownFileType = sourcecode.c.h; path = MoMamCalendarView.h; sourceTree = "<group>"; };
		8EBABABD1D8970DD004D402E /* MoMamCalendarView.m */ = {isa = PBXFileReference; fileEncoding = 4; lastKnownFileType = sourcecode.c.objc; path = MoMamCalendarView.m; sourceTree = "<group>"; };
		8EBABABF1D897188004D402E /* MoMamCalendarView.xib */ = {isa = PBXFileReference; fileEncoding = 4; lastKnownFileType = file.xib; path = MoMamCalendarView.xib; sourceTree = "<group>"; };
		8EEAF6101D83E3E500665458 /* MoMam.app */ = {isa = PBXFileReference; explicitFileType = wrapper.application; includeInIndex = 0; path = MoMam.app; sourceTree = BUILT_PRODUCTS_DIR; };
		8EEAF6141D83E3E500665458 /* main.m */ = {isa = PBXFileReference; lastKnownFileType = sourcecode.c.objc; path = main.m; sourceTree = "<group>"; };
		8EEAF6161D83E3E500665458 /* AppDelegate.h */ = {isa = PBXFileReference; lastKnownFileType = sourcecode.c.h; path = AppDelegate.h; sourceTree = "<group>"; };
		8EEAF6171D83E3E500665458 /* AppDelegate.m */ = {isa = PBXFileReference; lastKnownFileType = sourcecode.c.objc; path = AppDelegate.m; sourceTree = "<group>"; };
		8EEAF61F1D83E3E500665458 /* Assets.xcassets */ = {isa = PBXFileReference; lastKnownFileType = folder.assetcatalog; path = Assets.xcassets; sourceTree = "<group>"; };
		8EEAF6241D83E3E500665458 /* Info.plist */ = {isa = PBXFileReference; lastKnownFileType = text.plist.xml; path = Info.plist; sourceTree = "<group>"; };
		8EEAF62A1D83E4F000665458 /* Launch Screen.storyboard */ = {isa = PBXFileReference; fileEncoding = 4; lastKnownFileType = file.storyboard; path = "Launch Screen.storyboard"; sourceTree = "<group>"; };
		8EEAF62C1D83E58F00665458 /* Default@2x.png */ = {isa = PBXFileReference; lastKnownFileType = image.png; path = "Default@2x.png"; sourceTree = "<group>"; };
		8EECD1531DA259EA00DD2BB2 /* MoMamReceiptDetailViewController.h */ = {isa = PBXFileReference; fileEncoding = 4; lastKnownFileType = sourcecode.c.h; path = MoMamReceiptDetailViewController.h; sourceTree = "<group>"; };
		8EECD1541DA259EA00DD2BB2 /* MoMamReceiptDetailViewController.m */ = {isa = PBXFileReference; fileEncoding = 4; lastKnownFileType = sourcecode.c.objc; path = MoMamReceiptDetailViewController.m; sourceTree = "<group>"; };
		8EECD1551DA259EA00DD2BB2 /* MoMamReceiptDetailViewController.xib */ = {isa = PBXFileReference; fileEncoding = 4; lastKnownFileType = file.xib; path = MoMamReceiptDetailViewController.xib; sourceTree = "<group>"; };
		8EECD1591DA4EFF700DD2BB2 /* tree.png */ = {isa = PBXFileReference; lastKnownFileType = image.png; path = tree.png; sourceTree = "<group>"; };
		8EECD15A1DA4EFF700DD2BB2 /* apple.png */ = {isa = PBXFileReference; lastKnownFileType = image.png; path = apple.png; sourceTree = "<group>"; };
/* End PBXFileReference section */

/* Begin PBXFrameworksBuildPhase section */
		8EEAF60D1D83E3E500665458 /* Frameworks */ = {
			isa = PBXFrameworksBuildPhase;
			buildActionMask = 2147483647;
			files = (
				586FB20B9549747EBF39941D /* Pods_MoMam.framework in Frameworks */,
			);
			runOnlyForDeploymentPostprocessing = 0;
		};
/* End PBXFrameworksBuildPhase section */

/* Begin PBXGroup section */
		53F084A137F31A0BFDE07DF2 /* Frameworks */ = {
			isa = PBXGroup;
			children = (
				2C308C9E17793A46A41930DC /* Pods_MoMam.framework */,
			);
			name = Frameworks;
			sourceTree = "<group>";
		};
		8EEAF6071D83E3E500665458 = {
			isa = PBXGroup;
			children = (
				8EEAF62A1D83E4F000665458 /* Launch Screen.storyboard */,
				8EECD1581DA4EF6B00DD2BB2 /* MoMamImage */,
				8EEAF6121D83E3E500665458 /* MoMam */,
				8EEAF6111D83E3E500665458 /* Products */,
				F139896D5748D0FE6188F3E6 /* Pods */,
				53F084A137F31A0BFDE07DF2 /* Frameworks */,
			);
			sourceTree = "<group>";
		};
		8EEAF6111D83E3E500665458 /* Products */ = {
			isa = PBXGroup;
			children = (
				8EEAF6101D83E3E500665458 /* MoMam.app */,
			);
			name = Products;
			sourceTree = "<group>";
		};
		8EEAF6121D83E3E500665458 /* MoMam */ = {
			isa = PBXGroup;
			children = (
				8E3FB4821D86E8EE001E9FD2 /* MoMamMainViewController.h */,
				8E3FB4831D86E8EE001E9FD2 /* MoMamMainViewController.m */,
				8E3FB4841D86E8EE001E9FD2 /* MoMamMainViewController.xib */,
				8E3FB4871D86E988001E9FD2 /* MoMamDeTail.h */,
				8E3FB4881D86E988001E9FD2 /* MoMamDeTail.m */,
				8E3FB48A1D86E9EE001E9FD2 /* MoMamDeTail.xib */,
				8EBABABC1D8970DD004D402E /* MoMamCalendarView.h */,
				8EBABABD1D8970DD004D402E /* MoMamCalendarView.m */,
				8EBABABF1D897188004D402E /* MoMamCalendarView.xib */,
				8E4105151D93D8270000B20E /* MoMamAddButtonDetailViewController.h */,
				8E4105161D93D8270000B20E /* MoMamAddButtonDetailViewController.m */,
				8E4105171D93D8270000B20E /* MoMamAddButtonDetailViewController.xib */,
				8E41051A1D93ED4C0000B20E /* MoMamCalendarDetailViewController.h */,
				8E41051B1D93ED4C0000B20E /* MoMamCalendarDetailViewController.m */,
				8E41051C1D93ED4C0000B20E /* MoMamCalendarDetailViewController.xib */,
				8EB685231D9E9BC80016E7F9 /* MoMamMyWalletViewController.h */,
				8EB685241D9E9BC80016E7F9 /* MoMamMyWalletViewController.m */,
				8EB685251D9E9BC80016E7F9 /* MoMamMyWalletViewController.xib */,
				8EECD1531DA259EA00DD2BB2 /* MoMamReceiptDetailViewController.h */,
				8EECD1541DA259EA00DD2BB2 /* MoMamReceiptDetailViewController.m */,
				8EECD1551DA259EA00DD2BB2 /* MoMamReceiptDetailViewController.xib */,
				8EEAF6161D83E3E500665458 /* AppDelegate.h */,
				8EEAF6171D83E3E500665458 /* AppDelegate.m */,
				8EEAF61F1D83E3E500665458 /* Assets.xcassets */,
				8EEAF6241D83E3E500665458 /* Info.plist */,
				8EEAF6131D83E3E500665458 /* Supporting Files */,
			);
			path = MoMam;
			sourceTree = "<group>";
		};
		8EEAF6131D83E3E500665458 /* Supporting Files */ = {
			isa = PBXGroup;
			children = (
				8EEAF6141D83E3E500665458 /* main.m */,
			);
			name = "Supporting Files";
			sourceTree = "<group>";
		};
		8EECD1581DA4EF6B00DD2BB2 /* MoMamImage */ = {
			isa = PBXGroup;
			children = (
				8EECD1591DA4EFF700DD2BB2 /* tree.png */,
				8EECD15A1DA4EFF700DD2BB2 /* apple.png */,
				8EEAF62C1D83E58F00665458 /* Default@2x.png */,
				8E0B704B1DA1051900049650 /* house.png */,
				8E0B704C1DA1051900049650 /* piggy_bank.png */,
				8E0B704F1DA1055E00049650 /* house@2x.png */,
				8E0B70501DA1055E00049650 /* piggy_bank@2x.png */,
				8E0B70531DA111F700049650 /* woodImage.jpg */,
				8E0B705B1DA2493E00049650 /* paper2.png */,
			);
			name = MoMamImage;
			sourceTree = "<group>";
		};
		F139896D5748D0FE6188F3E6 /* Pods */ = {
			isa = PBXGroup;
			children = (
				07B08BD2F5DEC36E36CB4604 /* Pods-MoMam.debug.xcconfig */,
				283EF74DF8616AB87C86FD1E /* Pods-MoMam.release.xcconfig */,
			);
			name = Pods;
			sourceTree = "<group>";
		};
/* End PBXGroup section */

/* Begin PBXNativeTarget section */
		8EEAF60F1D83E3E500665458 /* MoMam */ = {
			isa = PBXNativeTarget;
			buildConfigurationList = 8EEAF6271D83E3E500665458 /* Build configuration list for PBXNativeTarget "MoMam" */;
			buildPhases = (
				2CF14F23D695D9CA613505E3 /* [CP] Check Pods Manifest.lock */,
				8EEAF60C1D83E3E500665458 /* Sources */,
				8EEAF60D1D83E3E500665458 /* Frameworks */,
				8EEAF60E1D83E3E500665458 /* Resources */,
				06ADA292045B623FF06A8E44 /* [CP] Embed Pods Frameworks */,
				DD341AF6F8E040EBFA9E9BDD /* [CP] Copy Pods Resources */,
			);
			buildRules = (
			);
			dependencies = (
			);
			name = MoMam;
			productName = MoMam;
			productReference = 8EEAF6101D83E3E500665458 /* MoMam.app */;
			productType = "com.apple.product-type.application";
		};
/* End PBXNativeTarget section */

/* Begin PBXProject section */
		8EEAF6081D83E3E500665458 /* Project object */ = {
			isa = PBXProject;
			attributes = {
				LastUpgradeCheck = 0730;
				ORGANIZATIONNAME = "Song Jun Il";
				TargetAttributes = {
					8EEAF60F1D83E3E500665458 = {
						CreatedOnToolsVersion = 7.3.1;
						DevelopmentTeam = 2B43E4F3HL;
					};
				};
			};
			buildConfigurationList = 8EEAF60B1D83E3E500665458 /* Build configuration list for PBXProject "MoMam" */;
			compatibilityVersion = "Xcode 3.2";
			developmentRegion = English;
			hasScannedForEncodings = 0;
			knownRegions = (
				en,
				Base,
			);
			mainGroup = 8EEAF6071D83E3E500665458;
			productRefGroup = 8EEAF6111D83E3E500665458 /* Products */;
			projectDirPath = "";
			projectRoot = "";
			targets = (
				8EEAF60F1D83E3E500665458 /* MoMam */,
			);
		};
/* End PBXProject section */

/* Begin PBXResourcesBuildPhase section */
		8EEAF60E1D83E3E500665458 /* Resources */ = {
			isa = PBXResourcesBuildPhase;
			buildActionMask = 2147483647;
			files = (
				8E0B704E1DA1051900049650 /* piggy_bank.png in Resources */,
				8EBABAC01D897188004D402E /* MoMamCalendarView.xib in Resources */,
				8E41051E1D93ED4C0000B20E /* MoMamCalendarDetailViewController.xib in Resources */,
				8E0B704D1DA1051900049650 /* house.png in Resources */,
				8EECD15C1DA4EFF700DD2BB2 /* apple.png in Resources */,
				8EEAF62D1D83E58F00665458 /* Default@2x.png in Resources */,
				8E3FB48B1D86E9EE001E9FD2 /* MoMamDeTail.xib in Resources */,
				8E0B70521DA1055E00049650 /* piggy_bank@2x.png in Resources */,
				8E0B705C1DA2493E00049650 /* paper2.png in Resources */,
				8EEAF62B1D83E4F000665458 /* Launch Screen.storyboard in Resources */,
				8E0B70541DA111F700049650 /* woodImage.jpg in Resources */,
				8EECD1571DA259EA00DD2BB2 /* MoMamReceiptDetailViewController.xib in Resources */,
				8EB685271D9E9BC80016E7F9 /* MoMamMyWalletViewController.xib in Resources */,
				8EECD15B1DA4EFF700DD2BB2 /* tree.png in Resources */,
				8EEAF6201D83E3E500665458 /* Assets.xcassets in Resources */,
				8E0B70511DA1055E00049650 /* house@2x.png in Resources */,
				8E3FB4861D86E8EE001E9FD2 /* MoMamMainViewController.xib in Resources */,
				8E4105191D93D8270000B20E /* MoMamAddButtonDetailViewController.xib in Resources */,
			);
			runOnlyForDeploymentPostprocessing = 0;
		};
/* End PBXResourcesBuildPhase section */

/* Begin PBXShellScriptBuildPhase section */
		06ADA292045B623FF06A8E44 /* [CP] Embed Pods Frameworks */ = {
			isa = PBXShellScriptBuildPhase;
			buildActionMask = 2147483647;
			files = (
			);
			inputPaths = (
			);
			name = "[CP] Embed Pods Frameworks";
			outputPaths = (
			);
			runOnlyForDeploymentPostprocessing = 0;
			shellPath = /bin/sh;
			shellScript = "\"${SRCROOT}/Pods/Target Support Files/Pods-MoMam/Pods-MoMam-frameworks.sh\"\n";
			showEnvVarsInLog = 0;
		};
		2CF14F23D695D9CA613505E3 /* [CP] Check Pods Manifest.lock */ = {
			isa = PBXShellScriptBuildPhase;
			buildActionMask = 2147483647;
			files = (
			);
			inputPaths = (
			);
			name = "[CP] Check Pods Manifest.lock";
			outputPaths = (
			);
			runOnlyForDeploymentPostprocessing = 0;
			shellPath = /bin/sh;
			shellScript = "diff \"${PODS_ROOT}/../Podfile.lock\" \"${PODS_ROOT}/Manifest.lock\" > /dev/null\nif [[ $? != 0 ]] ; then\n    cat << EOM\nerror: The sandbox is not in sync with the Podfile.lock. Run 'pod install' or update your CocoaPods installation.\nEOM\n    exit 1\nfi\n";
			showEnvVarsInLog = 0;
		};
		DD341AF6F8E040EBFA9E9BDD /* [CP] Copy Pods Resources */ = {
			isa = PBXShellScriptBuildPhase;
			buildActionMask = 2147483647;
			files = (
			);
			inputPaths = (
			);
			name = "[CP] Copy Pods Resources";
			outputPaths = (
			);
			runOnlyForDeploymentPostprocessing = 0;
			shellPath = /bin/sh;
			shellScript = "\"${SRCROOT}/Pods/Target Support Files/Pods-MoMam/Pods-MoMam-resources.sh\"\n";
			showEnvVarsInLog = 0;
		};
/* End PBXShellScriptBuildPhase section */

/* Begin PBXSourcesBuildPhase section */
		8EEAF60C1D83E3E500665458 /* Sources */ = {
			isa = PBXSourcesBuildPhase;
			buildActionMask = 2147483647;
			files = (
				8E41051D1D93ED4C0000B20E /* MoMamCalendarDetailViewController.m in Sources */,
				8EECD1561DA259EA00DD2BB2 /* MoMamReceiptDetailViewController.m in Sources */,
				8EEAF6181D83E3E500665458 /* AppDelegate.m in Sources */,
				8E3FB4851D86E8EE001E9FD2 /* MoMamMainViewController.m in Sources */,
				8E3FB4891D86E988001E9FD2 /* MoMamDeTail.m in Sources */,
				8EEAF6151D83E3E500665458 /* main.m in Sources */,
				8EB685261D9E9BC80016E7F9 /* MoMamMyWalletViewController.m in Sources */,
				8EBABABE1D8970DD004D402E /* MoMamCalendarView.m in Sources */,
				8E4105181D93D8270000B20E /* MoMamAddButtonDetailViewController.m in Sources */,
			);
			runOnlyForDeploymentPostprocessing = 0;
		};
/* End PBXSourcesBuildPhase section */

/* Begin XCBuildConfiguration section */
		8EEAF6251D83E3E500665458 /* Debug */ = {
			isa = XCBuildConfiguration;
			buildSettings = {
				ALWAYS_SEARCH_USER_PATHS = NO;
				CLANG_ANALYZER_NONNULL = YES;
				CLANG_CXX_LANGUAGE_STANDARD = "gnu++0x";
				CLANG_CXX_LIBRARY = "libc++";
				CLANG_ENABLE_MODULES = YES;
				CLANG_ENABLE_OBJC_ARC = YES;
				CLANG_WARN_BOOL_CONVERSION = YES;
				CLANG_WARN_CONSTANT_CONVERSION = YES;
				CLANG_WARN_DIRECT_OBJC_ISA_USAGE = YES_ERROR;
				CLANG_WARN_EMPTY_BODY = YES;
				CLANG_WARN_ENUM_CONVERSION = YES;
				CLANG_WARN_INT_CONVERSION = YES;
				CLANG_WARN_OBJC_ROOT_CLASS = YES_ERROR;
				CLANG_WARN_UNREACHABLE_CODE = YES;
				CLANG_WARN__DUPLICATE_METHOD_MATCH = YES;
				"CODE_SIGN_IDENTITY[sdk=iphoneos*]" = "iPhone Developer";
				COPY_PHASE_STRIP = NO;
				DEBUG_INFORMATION_FORMAT = dwarf;
				ENABLE_STRICT_OBJC_MSGSEND = YES;
				ENABLE_TESTABILITY = YES;
				GCC_C_LANGUAGE_STANDARD = gnu99;
				GCC_DYNAMIC_NO_PIC = NO;
				GCC_NO_COMMON_BLOCKS = YES;
				GCC_OPTIMIZATION_LEVEL = 0;
				GCC_PREPROCESSOR_DEFINITIONS = (
					"DEBUG=1",
					"$(inherited)",
				);
				GCC_WARN_64_TO_32_BIT_CONVERSION = YES;
				GCC_WARN_ABOUT_RETURN_TYPE = YES_ERROR;
				GCC_WARN_UNDECLARED_SELECTOR = YES;
				GCC_WARN_UNINITIALIZED_AUTOS = YES_AGGRESSIVE;
				GCC_WARN_UNUSED_FUNCTION = YES;
				GCC_WARN_UNUSED_VARIABLE = YES;
				IPHONEOS_DEPLOYMENT_TARGET = 9.3;
				MTL_ENABLE_DEBUG_INFO = YES;
				ONLY_ACTIVE_ARCH = YES;
				OTHER_LDFLAGS = "";
				SDKROOT = iphoneos;
			};
			name = Debug;
		};
		8EEAF6261D83E3E500665458 /* Release */ = {
			isa = XCBuildConfiguration;
			buildSettings = {
				ALWAYS_SEARCH_USER_PATHS = NO;
				CLANG_ANALYZER_NONNULL = YES;
				CLANG_CXX_LANGUAGE_STANDARD = "gnu++0x";
				CLANG_CXX_LIBRARY = "libc++";
				CLANG_ENABLE_MODULES = YES;
				CLANG_ENABLE_OBJC_ARC = YES;
				CLANG_WARN_BOOL_CONVERSION = YES;
				CLANG_WARN_CONSTANT_CONVERSION = YES;
				CLANG_WARN_DIRECT_OBJC_ISA_USAGE = YES_ERROR;
				CLANG_WARN_EMPTY_BODY = YES;
				CLANG_WARN_ENUM_CONVERSION = YES;
				CLANG_WARN_INT_CONVERSION = YES;
				CLANG_WARN_OBJC_ROOT_CLASS = YES_ERROR;
				CLANG_WARN_UNREACHABLE_CODE = YES;
				CLANG_WARN__DUPLICATE_METHOD_MATCH = YES;
				"CODE_SIGN_IDENTITY[sdk=iphoneos*]" = "iPhone Developer";
				COPY_PHASE_STRIP = NO;
				DEBUG_INFORMATION_FORMAT = "dwarf-with-dsym";
				ENABLE_NS_ASSERTIONS = NO;
				ENABLE_STRICT_OBJC_MSGSEND = YES;
				GCC_C_LANGUAGE_STANDARD = gnu99;
				GCC_NO_COMMON_BLOCKS = YES;
				GCC_WARN_64_TO_32_BIT_CONVERSION = YES;
				GCC_WARN_ABOUT_RETURN_TYPE = YES_ERROR;
				GCC_WARN_UNDECLARED_SELECTOR = YES;
				GCC_WARN_UNINITIALIZED_AUTOS = YES_AGGRESSIVE;
				GCC_WARN_UNUSED_FUNCTION = YES;
				GCC_WARN_UNUSED_VARIABLE = YES;
				IPHONEOS_DEPLOYMENT_TARGET = 9.3;
				MTL_ENABLE_DEBUG_INFO = NO;
				OTHER_LDFLAGS = "";
				SDKROOT = iphoneos;
				VALIDATE_PRODUCT = YES;
			};
			name = Release;
		};
		8EEAF6281D83E3E500665458 /* Debug */ = {
			isa = XCBuildConfiguration;
			baseConfigurationReference = 07B08BD2F5DEC36E36CB4604 /* Pods-MoMam.debug.xcconfig */;
			buildSettings = {
				ASSETCATALOG_COMPILER_APPICON_NAME = AppIcon;
				ENABLE_BITCODE = NO;
				INFOPLIST_FILE = MoMam/Info.plist;
				LD_RUNPATH_SEARCH_PATHS = "$(inherited) @executable_path/Frameworks";
				OTHER_LDFLAGS = "-all_load";
				PRODUCT_BUNDLE_IDENTIFIER = com.mmhome.MoMam;
				PRODUCT_NAME = "$(TARGET_NAME)";
				SDKROOT = iphoneos;
			};
			name = Debug;
		};
		8EEAF6291D83E3E500665458 /* Release */ = {
			isa = XCBuildConfiguration;
			baseConfigurationReference = 283EF74DF8616AB87C86FD1E /* Pods-MoMam.release.xcconfig */;
			buildSettings = {
				ASSETCATALOG_COMPILER_APPICON_NAME = AppIcon;
				ENABLE_BITCODE = NO;
				INFOPLIST_FILE = MoMam/Info.plist;
				LD_RUNPATH_SEARCH_PATHS = "$(inherited) @executable_path/Frameworks";
				OTHER_LDFLAGS = "-all_load";
				PRODUCT_BUNDLE_IDENTIFIER = com.mmhome.MoMam;
				PRODUCT_NAME = "$(TARGET_NAME)";
				SDKROOT = iphoneos;
			};
			name = Release;
		};
/* End XCBuildConfiguration section */

/* Begin XCConfigurationList section */
		8EEAF60B1D83E3E500665458 /* Build configuration list for PBXProject "MoMam" */ = {
			isa = XCConfigurationList;
			buildConfigurations = (
				8EEAF6251D83E3E500665458 /* Debug */,
				8EEAF6261D83E3E500665458 /* Release */,
			);
			defaultConfigurationIsVisible = 0;
			defaultConfigurationName = Release;
		};
		8EEAF6271D83E3E500665458 /* Build configuration list for PBXNativeTarget "MoMam" */ = {
			isa = XCConfigurationList;
			buildConfigurations = (
				8EEAF6281D83E3E500665458 /* Debug */,
				8EEAF6291D83E3E500665458 /* Release */,
			);
			defaultConfigurationIsVisible = 0;
			defaultConfigurationName = Release;
		};
/* End XCConfigurationList section */
	};
	rootObject = 8EEAF6081D83E3E500665458 /* Project object */;
}
